schema: '2.0'
stages:
  load_data:
    cmd: python src\load_data.py --config=params.yaml
    deps:
    - path: data_given\winequality.csv
      md5: ccc8d3507eb151f53f760d36abdef888
      size: 91998
    - path: src\get_data.py
      md5: bdb2303171427ce2ed7d6ac03100278a
      size: 662
    - path: src\load_data.py
      md5: c19f7c9a9e47ebfb0d3a49798dccf4d8
      size: 677
    outs:
    - path: data\raw\winequality.csv
      md5: f86a3dc63fd59ed74fdb6743bc04252d
      size: 429
